
Microsoft Visual Studio Solution File, Format Version 12.00
# Visual Studio Version 16
VisualStudioVersion = 16.0.30114.105
MinimumVisualStudioVersion = 10.0.40219.1
Project("{2150E333-8FDC-42A3-9474-1A3956D46DE8}") = "src", "src", "{484AFCD8-3B07-4891-843A-801E9EA34D7E}"
EndProject
Project("{FAE04EC0-301F-11D3-BF4B-00C04F79EFBC}") = "MatMan.Domain", "src\MatMan.Domain\MatMan.Domain.csproj", "{2E6ECF00-A777-46DC-96AB-AA51BCC394D4}"
EndProject
Project("{FAE04EC0-301F-11D3-BF4B-00C04F79EFBC}") = "MatMan.UI", "src\MatMan.UI\MatMan.UI.csproj", "{FE291C38-E6BD-4741-A9CA-3C4F9CA06810}"
EndProject
Project("{FAE04EC0-301F-11D3-BF4B-00C04F79EFBC}") = "MatMan.Data", "src\MatMan.Data\MatMan.Data.csproj", "{39C469D7-FB14-4686-8557-8522FBCB49F7}"
EndProject
Project("{FAE04EC0-301F-11D3-BF4B-00C04F79EFBC}") = "MatMan.Application", "src\MatMan.Application\MatMan.Application.csproj", "{2FA761BA-975D-4666-A4EB-FF0708C441F9}"
EndProject
Project("{2150E333-8FDC-42A3-9474-1A3956D46DE8}") = "tests", "tests", "{8AA59883-71E1-4B1F-BDA8-03093002F4C5}"
EndProject
Project("{FAE04EC0-301F-11D3-BF4B-00C04F79EFBC}") = "UnitOfWorkTests", "tests\UnitOfWorkTests\UnitOfWorkTests.csproj", "{47606B38-D8D5-464E-A62E-26E6F6B99D9D}"
EndProject
Project("{2150E333-8FDC-42A3-9474-1A3956D46DE8}") = "MatMan.Common", "MatMan.Common", "{937BAC27-B188-4A71-8DB3-AB56D88233B4}"
EndProject
Project("{FAE04EC0-301F-11D3-BF4B-00C04F79EFBC}") = "PdfGenerator", "src\MatMan.Common\PdfGenerator\PdfGenerator.csproj", "{7595CCD4-EC70-4F2A-AD1F-36671E34FF3B}"
EndProject
Project("{FAE04EC0-301F-11D3-BF4B-00C04F79EFBC}") = "PdfGeneration", "tests\PdfGeneration\PdfGeneration.csproj", "{3CC0E33B-3882-493A-99E3-954009742A31}"
EndProject
Global
	GlobalSection(SolutionConfigurationPlatforms) = preSolution
		Debug|Any CPU = Debug|Any CPU
		Release|Any CPU = Release|Any CPU
	EndGlobalSection
	GlobalSection(SolutionProperties) = preSolution
		HideSolutionNode = FALSE
	EndGlobalSection
	GlobalSection(ProjectConfigurationPlatforms) = postSolution
		{2E6ECF00-A777-46DC-96AB-AA51BCC394D4}.Debug|Any CPU.ActiveCfg = Debug|Any CPU
		{2E6ECF00-A777-46DC-96AB-AA51BCC394D4}.Debug|Any CPU.Build.0 = Debug|Any CPU
		{2E6ECF00-A777-46DC-96AB-AA51BCC394D4}.Release|Any CPU.ActiveCfg = Release|Any CPU
		{2E6ECF00-A777-46DC-96AB-AA51BCC394D4}.Release|Any CPU.Build.0 = Release|Any CPU
		{FE291C38-E6BD-4741-A9CA-3C4F9CA06810}.Debug|Any CPU.ActiveCfg = Debug|Any CPU
		{FE291C38-E6BD-4741-A9CA-3C4F9CA06810}.Debug|Any CPU.Build.0 = Debug|Any CPU
		{FE291C38-E6BD-4741-A9CA-3C4F9CA06810}.Release|Any CPU.ActiveCfg = Release|Any CPU
		{FE291C38-E6BD-4741-A9CA-3C4F9CA06810}.Release|Any CPU.Build.0 = Release|Any CPU
		{39C469D7-FB14-4686-8557-8522FBCB49F7}.Debug|Any CPU.ActiveCfg = Debug|Any CPU
		{39C469D7-FB14-4686-8557-8522FBCB49F7}.Debug|Any CPU.Build.0 = Debug|Any CPU
		{39C469D7-FB14-4686-8557-8522FBCB49F7}.Release|Any CPU.ActiveCfg = Release|Any CPU
		{39C469D7-FB14-4686-8557-8522FBCB49F7}.Release|Any CPU.Build.0 = Release|Any CPU
		{2FA761BA-975D-4666-A4EB-FF0708C441F9}.Debug|Any CPU.ActiveCfg = Debug|Any CPU
		{2FA761BA-975D-4666-A4EB-FF0708C441F9}.Debug|Any CPU.Build.0 = Debug|Any CPU
		{2FA761BA-975D-4666-A4EB-FF0708C441F9}.Release|Any CPU.ActiveCfg = Release|Any CPU
		{2FA761BA-975D-4666-A4EB-FF0708C441F9}.Release|Any CPU.Build.0 = Release|Any CPU
		{47606B38-D8D5-464E-A62E-26E6F6B99D9D}.Debug|Any CPU.ActiveCfg = Debug|Any CPU
		{47606B38-D8D5-464E-A62E-26E6F6B99D9D}.Debug|Any CPU.Build.0 = Debug|Any CPU
		{47606B38-D8D5-464E-A62E-26E6F6B99D9D}.Release|Any CPU.ActiveCfg = Release|Any CPU
		{47606B38-D8D5-464E-A62E-26E6F6B99D9D}.Release|Any CPU.Build.0 = Release|Any CPU
		{7595CCD4-EC70-4F2A-AD1F-36671E34FF3B}.Debug|Any CPU.ActiveCfg = Debug|Any CPU
		{7595CCD4-EC70-4F2A-AD1F-36671E34FF3B}.Debug|Any CPU.Build.0 = Debug|Any CPU
		{7595CCD4-EC70-4F2A-AD1F-36671E34FF3B}.Release|Any CPU.ActiveCfg = Release|Any CPU
		{7595CCD4-EC70-4F2A-AD1F-36671E34FF3B}.Release|Any CPU.Build.0 = Release|Any CPU
		{3CC0E33B-3882-493A-99E3-954009742A31}.Debug|Any CPU.ActiveCfg = Debug|Any CPU
		{3CC0E33B-3882-493A-99E3-954009742A31}.Debug|Any CPU.Build.0 = Debug|Any CPU
		{3CC0E33B-3882-493A-99E3-954009742A31}.Release|Any CPU.ActiveCfg = Release|Any CPU
		{3CC0E33B-3882-493A-99E3-954009742A31}.Release|Any CPU.Build.0 = Release|Any CPU
	EndGlobalSection
	GlobalSection(NestedProjects) = preSolution
		{2E6ECF00-A777-46DC-96AB-AA51BCC394D4} = {484AFCD8-3B07-4891-843A-801E9EA34D7E}
		{FE291C38-E6BD-4741-A9CA-3C4F9CA06810} = {484AFCD8-3B07-4891-843A-801E9EA34D7E}
		{39C469D7-FB14-4686-8557-8522FBCB49F7} = {484AFCD8-3B07-4891-843A-801E9EA34D7E}
		{2FA761BA-975D-4666-A4EB-FF0708C441F9} = {484AFCD8-3B07-4891-843A-801E9EA34D7E}
		{47606B38-D8D5-464E-A62E-26E6F6B99D9D} = {8AA59883-71E1-4B1F-BDA8-03093002F4C5}
		{937BAC27-B188-4A71-8DB3-AB56D88233B4} = {484AFCD8-3B07-4891-843A-801E9EA34D7E}
		{7595CCD4-EC70-4F2A-AD1F-36671E34FF3B} = {937BAC27-B188-4A71-8DB3-AB56D88233B4}
		{3CC0E33B-3882-493A-99E3-954009742A31} = {8AA59883-71E1-4B1F-BDA8-03093002F4C5}
	EndGlobalSection
EndGlobal
